{
  "object": {
    "pins": [
      {
        "package": "CoreGeometry",
        "repositoryURL": "https://gitlab.com/Pyroh/CoreGeometry.git",
        "state": {
          "branch": null,
          "revision": "c8604b90dc60084e9d08f289573e537585b84129",
          "version": "4.0.0"
        }
      },
      {
        "package": "SlidingRuler",
        "repositoryURL": "https://github.com/Pyroh/SlidingRuler",
        "state": {
          "branch": null,
          "revision": "707b15e0ade64b488e7146a487cc5ee9570af9fa",
          "version": "0.2.0"
        }
      },
      {
        "package": "SmoothOperators",
        "repositoryURL": "https://github.com/Pyroh/SmoothOperators.git",
        "state": {
          "branch": null,
          "revision": "54e67c41fd6296cfb1ce190cd1b0ba8b919ea3b6",
          "version": "0.5.0"
        }
      }
    ]
  },
  "version": 1
}
